// !$*UTF8*$!
{
	archiveVersion = 1;
	classes = {
	};
	objectVersion = 46;
	objects = {

/* Begin PBXBuildFile section */
		05BA12A31CC763B40073DE52 /* main.m in Sources */ = {isa = PBXBuildFile; fileRef = 05BA12A21CC763B40073DE52 /* main.m */; };
		05BA12A61CC763B40073DE52 /* AppDelegate.m in Sources */ = {isa = PBXBuildFile; fileRef = 05BA12A51CC763B40073DE52 /* AppDelegate.m */; };
		05BA12A91CC763B40073DE52 /* ViewController.m in Sources */ = {isa = PBXBuildFile; fileRef = 05BA12A81CC763B40073DE52 /* ViewController.m */; };
		05BA12AC1CC763B40073DE52 /* Main.storyboard in Resources */ = {isa = PBXBuildFile; fileRef = 05BA12AA1CC763B40073DE52 /* Main.storyboard */; };
		05BA12AE1CC763B40073DE52 /* Assets.xcassets in Resources */ = {isa = PBXBuildFile; fileRef = 05BA12AD1CC763B40073DE52 /* Assets.xcassets */; };
		05BA12B11CC763B40073DE52 /* LaunchScreen.storyboard in Resources */ = {isa = PBXBuildFile; fileRef = 05BA12AF1CC763B40073DE52 /* LaunchScreen.storyboard */; };
		05BA12BC1CC763B40073DE52 /* MEUProjectTests.m in Sources */ = {isa = PBXBuildFile; fileRef = 05BA12BB1CC763B40073DE52 /* MEUProjectTests.m */; };
		05BA12C71CC763B40073DE52 /* MEUProjectUITests.m in Sources */ = {isa = PBXBuildFile; fileRef = 05BA12C61CC763B40073DE52 /* MEUProjectUITests.m */; };
/* End PBXBuildFile section */

/* Begin PBXContainerItemProxy section */
		05BA12B81CC763B40073DE52 /* PBXContainerItemProxy */ = {
			isa = PBXContainerItemProxy;
			containerPortal = 05BA12961CC763B40073DE52 /* Project object */;
			proxyType = 1;
			remoteGlobalIDString = 05BA129D1CC763B40073DE52;
			remoteInfo = MEUProject;
		};
		05BA12C31CC763B40073DE52 /* PBXContainerItemProxy */ = {
			isa = PBXContainerItemProxy;
			containerPortal = 05BA12961CC763B40073DE52 /* Project object */;
			proxyType = 1;
			remoteGlobalIDString = 05BA129D1CC763B40073DE52;
			remoteInfo = MEUProject;
		};
/* End PBXContainerItemProxy section */

/* Begin PBXFileReference section */
		05BA129E1CC763B40073DE52 /* MEUProject.app */ = {isa = PBXFileReference; explicitFileType = wrapper.application; includeInIndex = 0; path = MEUProject.app; sourceTree = BUILT_PRODUCTS_DIR; };
		05BA12A21CC763B40073DE52 /* main.m */ = {isa = PBXFileReference; lastKnownFileType = sourcecode.c.objc; path = main.m; sourceTree = "<group>"; };
		05BA12A41CC763B40073DE52 /* AppDelegate.h */ = {isa = PBXFileReference; lastKnownFileType = sourcecode.c.h; path = AppDelegate.h; sourceTree = "<group>"; };
		05BA12A51CC763B40073DE52 /* AppDelegate.m */ = {isa = PBXFileReference; lastKnownFileType = sourcecode.c.objc; path = AppDelegate.m; sourceTree = "<group>"; };
		05BA12A71CC763B40073DE52 /* ViewController.h */ = {isa = PBXFileReference; lastKnownFileType = sourcecode.c.h; path = ViewController.h; sourceTree = "<group>"; };
		05BA12A81CC763B40073DE52 /* ViewController.m */ = {isa = PBXFileReference; lastKnownFileType = sourcecode.c.objc; path = ViewController.m; sourceTree = "<group>"; };
		05BA12AB1CC763B40073DE52 /* Base */ = {isa = PBXFileReference; lastKnownFileType = file.storyboard; name = Base; path = Base.lproj/Main.storyboard; sourceTree = "<group>"; };
		05BA12AD1CC763B40073DE52 /* Assets.xcassets */ = {isa = PBXFileReference; lastKnownFileType = folder.assetcatalog; path = Assets.xcassets; sourceTree = "<group>"; };
		05BA12B01CC763B40073DE52 /* Base */ = {isa = PBXFileReference; lastKnownFileType = file.storyboard; name = Base; path = Base.lproj/LaunchScreen.storyboard; sourceTree = "<group>"; };
		05BA12B21CC763B40073DE52 /* Info.plist */ = {isa = PBXFileReference; lastKnownFileType = text.plist.xml; path = Info.plist; sourceTree = "<group>"; };
		05BA12B71CC763B40073DE52 /* MEUProjectTests.xctest */ = {isa = PBXFileReference; explicitFileType = wrapper.cfbundle; includeInIndex = 0; path = MEUProjectTests.xctest; sourceTree = BUILT_PRODUCTS_DIR; };
		05BA12BB1CC763B40073DE52 /* MEUProjectTests.m */ = {isa = PBXFileReference; lastKnownFileType = sourcecode.c.objc; path = MEUProjectTests.m; sourceTree = "<group>"; };
		05BA12BD1CC763B40073DE52 /* Info.plist */ = {isa = PBXFileReference; lastKnownFileType = text.plist.xml; path = Info.plist; sourceTree = "<group>"; };
		05BA12C21CC763B40073DE52 /* MEUProjectUITests.xctest */ = {isa = PBXFileReference; explicitFileType = wrapper.cfbundle; includeInIndex = 0; path = MEUProjectUITests.xctest; sourceTree = BUILT_PRODUCTS_DIR; };
		05BA12C61CC763B40073DE52 /* MEUProjectUITests.m */ = {isa = PBXFileReference; lastKnownFileType = sourcecode.c.objc; path = MEUProjectUITests.m; sourceTree = "<group>"; };
		05BA12C81CC763B40073DE52 /* Info.plist */ = {isa = PBXFileReference; lastKnownFileType = text.plist.xml; path = Info.plist; sourceTree = "<group>"; };
/* End PBXFileReference section */

/* Begin PBXFrameworksBuildPhase section */
		05BA129B1CC763B40073DE52 /* Frameworks */ = {
			isa = PBXFrameworksBuildPhase;
			buildActionMask = 2147483647;
			files = (
			);
			runOnlyForDeploymentPostprocessing = 0;
		};
		05BA12B41CC763B40073DE52 /* Frameworks */ = {
			isa = PBXFrameworksBuildPhase;
			buildActionMask = 2147483647;
			files = (
			);
			runOnlyForDeploymentPostprocessing = 0;
		};
		05BA12BF1CC763B40073DE52 /* Frameworks */ = {
			isa = PBXFrameworksBuildPhase;
			buildActionMask = 2147483647;
			files = (
			);
			runOnlyForDeploymentPostprocessing = 0;
		};
/* End PBXFrameworksBuildPhase section */

/* Begin PBXGroup section */
		05BA12951CC763B40073DE52 = {
			isa = PBXGroup;
			children = (
				05BA12A01CC763B40073DE52 /* MEUProject */,
				05BA12BA1CC763B40073DE52 /* MEUProjectTests */,
				05BA12C51CC763B40073DE52 /* MEUProjectUITests */,
				05BA129F1CC763B40073DE52 /* Products */,
			);
			sourceTree = "<group>";
		};
		05BA129F1CC763B40073DE52 /* Products */ = {
			isa = PBXGroup;
			children = (
				05BA129E1CC763B40073DE52 /* MEUProject.app */,
				05BA12B71CC763B40073DE52 /* MEUProjectTests.xctest */,
				05BA12C21CC763B40073DE52 /* MEUProjectUITests.xctest */,
			);
			name = Products;
			sourceTree = "<group>";
		};
		05BA12A01CC763B40073DE52 /* MEUProject */ = {
			isa = PBXGroup;
			children = (
				05BA12A41CC763B40073DE52 /* AppDelegate.h */,
				05BA12A51CC763B40073DE52 /* AppDelegate.m */,
				05BA12A71CC763B40073DE52 /* ViewController.h */,
				05BA12A81CC763B40073DE52 /* ViewController.m */,
				05BA12AA1CC763B40073DE52 /* Main.storyboard */,
				05BA12AD1CC763B40073DE52 /* Assets.xcassets */,
				05BA12AF1CC763B40073DE52 /* LaunchScreen.storyboard */,
				05BA12B21CC763B40073DE52 /* Info.plist */,
				05BA12A11CC763B40073DE52 /* Supporting Files */,
			);
			path = MEUProject;
			sourceTree = "<group>";
		};
		05BA12A11CC763B40073DE52 /* Supporting Files */ = {
			isa = PBXGroup;
			children = (
				05BA12A21CC763B40073DE52 /* main.m */,
			);
			name = "Supporting Files";
			sourceTree = "<group>";
		};
		05BA12BA1CC763B40073DE52 /* MEUProjectTests */ = {
			isa = PBXGroup;
			children = (
				05BA12BB1CC763B40073DE52 /* MEUProjectTests.m */,
				05BA12BD1CC763B40073DE52 /* Info.plist */,
			);
			path = MEUProjectTests;
			sourceTree = "<group>";
		};
		05BA12C51CC763B40073DE52 /* MEUProjectUITests */ = {
			isa = PBXGroup;
			children = (
				05BA12C61CC763B40073DE52 /* MEUProjectUITests.m */,
				05BA12C81CC763B40073DE52 /* Info.plist */,
			);
			path = MEUProjectUITests;
			sourceTree = "<group>";
		};
/* End PBXGroup section */

/* Begin PBXNativeTarget section */
		05BA129D1CC763B40073DE52 /* MEUProject */ = {
			isa = PBXNativeTarget;
			buildConfigurationList = 05BA12CB1CC763B40073DE52 /* Build configuration list for PBXNativeTarget "MEUProject" */;
			buildPhases = (
				05BA129A1CC763B40073DE52 /* Sources */,
				05BA129B1CC763B40073DE52 /* Frameworks */,
				05BA129C1CC763B40073DE52 /* Resources */,
			);
			buildRules = (
			);
			dependencies = (
			);
			name = MEUProject;
			productName = MEUProject;
			productReference = 05BA129E1CC763B40073DE52 /* MEUProject.app */;
			productType = "com.apple.product-type.application";
		};
		05BA12B61CC763B40073DE52 /* MEUProjectTests */ = {
			isa = PBXNativeTarget;
			buildConfigurationList = 05BA12CE1CC763B40073DE52 /* Build configuration list for PBXNativeTarget "MEUProjectTests" */;
			buildPhases = (
				05BA12B31CC763B40073DE52 /* Sources */,
				05BA12B41CC763B40073DE52 /* Frameworks */,
				05BA12B51CC763B40073DE52 /* Resources */,
			);
			buildRules = (
			);
			dependencies = (
				05BA12B91CC763B40073DE52 /* PBXTargetDependency */,
			);
			name = MEUProjectTests;
			productName = MEUProjectTests;
			productReference = 05BA12B71CC763B40073DE52 /* MEUProjectTests.xctest */;
			productType = "com.apple.product-type.bundle.unit-test";
		};
		05BA12C11CC763B40073DE52 /* MEUProjectUITests */ = {
			isa = PBXNativeTarget;
			buildConfigurationList = 05BA12D11CC763B40073DE52 /* Build configuration list for PBXNativeTarget "MEUProjectUITests" */;
			buildPhases = (
				05BA12BE1CC763B40073DE52 /* Sources */,
				05BA12BF1CC763B40073DE52 /* Frameworks */,
				05BA12C01CC763B40073DE52 /* Resources */,
			);
			buildRules = (
			);
			dependencies = (
				05BA12C41CC763B40073DE52 /* PBXTargetDependency */,
			);
			name = MEUProjectUITests;
			productName = MEUProjectUITests;
			productReference = 05BA12C21CC763B40073DE52 /* MEUProjectUITests.xctest */;
			productType = "com.apple.product-type.bundle.ui-testing";
		};
/* End PBXNativeTarget section */

/* Begin PBXProject section */
		05BA12961CC763B40073DE52 /* Project object */ = {
			isa = PBXProject;
			attributes = {
				LastUpgradeCheck = 0730;
				ORGANIZATIONNAME = hlyclub;
				TargetAttributes = {
					05BA129D1CC763B40073DE52 = {
						CreatedOnToolsVersion = 7.3;
					};
					05BA12B61CC763B40073DE52 = {
						CreatedOnToolsVersion = 7.3;
						TestTargetID = 05BA129D1CC763B40073DE52;
					};
					05BA12C11CC763B40073DE52 = {
						CreatedOnToolsVersion = 7.3;
						TestTargetID = 05BA129D1CC763B40073DE52;
					};
				};
			};
			buildConfigurationList = 05BA12991CC763B40073DE52 /* Build configuration list for PBXProject "MEUProject" */;
			compatibilityVersion = "Xcode 3.2";
			developmentRegion = English;
			hasScannedForEncodings = 0;
			knownRegions = (
				en,
				Base,
			);
			mainGroup = 05BA12951CC763B40073DE52;
			productRefGroup = 05BA129F1CC763B40073DE52 /* Products */;
			projectDirPath = "";
			projectRoot = "";
			targets = (
				05BA129D1CC763B40073DE52 /* MEUProject */,
				05BA12B61CC763B40073DE52 /* MEUProjectTests */,
				05BA12C11CC763B40073DE52 /* MEUProjectUITests */,
			);
		};
/* End PBXProject section */

/* Begin PBXResourcesBuildPhase section */
		05BA129C1CC763B40073DE52 /* Resources */ = {
			isa = PBXResourcesBuildPhase;
			buildActionMask = 2147483647;
			files = (
				05BA12B11CC763B40073DE52 /* LaunchScreen.storyboard in Resources */,
				05BA12AE1CC763B40073DE52 /* Assets.xcassets in Resources */,
				05BA12AC1CC763B40073DE52 /* Main.storyboard in Resources */,
			);
			runOnlyForDeploymentPostprocessing = 0;
		};
		05BA12B51CC763B40073DE52 /* Resources */ = {
			isa = PBXResourcesBuildPhase;
			buildActionMask = 2147483647;
			files = (
			);
			runOnlyForDeploymentPostprocessing = 0;
		};
		05BA12C01CC763B40073DE52 /* Resources */ = {
			isa = PBXResourcesBuildPhase;
			buildActionMask = 2147483647;
			files = (
			);
			runOnlyForDeploymentPostprocessing = 0;
		};
/* End PBXResourcesBuildPhase section */

/* Begin PBXSourcesBuildPhase section */
		05BA129A1CC763B40073DE52 /* Sources */ = {
			isa = PBXSourcesBuildPhase;
			buildActionMask = 2147483647;
			files = (
				05BA12A91CC763B40073DE52 /* ViewController.m in Sources */,
				05BA12A61CC763B40073DE52 /* AppDelegate.m in Sources */,
				05BA12A31CC763B40073DE52 /* main.m in Sources */,
			);
			runOnlyForDeploymentPostprocessing = 0;
		};
		05BA12B31CC763B40073DE52 /* Sources */ = {
			isa = PBXSourcesBuildPhase;
			buildActionMask = 2147483647;
			files = (
				05BA12BC1CC763B40073DE52 /* MEUProjectTests.m in Sources */,
			);
			runOnlyForDeploymentPostprocessing = 0;
		};
		05BA12BE1CC763B40073DE52 /* Sources */ = {
			isa = PBXSourcesBuildPhase;
			buildActionMask = 2147483647;
			files = (
				05BA12C71CC763B40073DE52 /* MEUProjectUITests.m in Sources */,
			);
			runOnlyForDeploymentPostprocessing = 0;
		};
/* End PBXSourcesBuildPhase section */

/* Begin PBXTargetDependency section */
		05BA12B91CC763B40073DE52 /* PBXTargetDependency */ = {
			isa = PBXTargetDependency;
			target = 05BA129D1CC763B40073DE52 /* MEUProject */;
			targetProxy = 05BA12B81CC763B40073DE52 /* PBXContainerItemProxy */;
		};
		05BA12C41CC763B40073DE52 /* PBXTargetDependency */ = {
			isa = PBXTargetDependency;
			target = 05BA129D1CC763B40073DE52 /* MEUProject */;
			targetProxy = 05BA12C31CC763B40073DE52 /* PBXContainerItemProxy */;
		};
/* End PBXTargetDependency section */

/* Begin PBXVariantGroup section */
		05BA12AA1CC763B40073DE52 /* Main.storyboard */ = {
			isa = PBXVariantGroup;
			children = (
				05BA12AB1CC763B40073DE52 /* Base */,
			);
			name = Main.storyboard;
			sourceTree = "<group>";
		};
		05BA12AF1CC763B40073DE52 /* LaunchScreen.storyboard */ = {
			isa = PBXVariantGroup;
			children = (
				05BA12B01CC763B40073DE52 /* Base */,
			);
			name = LaunchScreen.storyboard;
			sourceTree = "<group>";
		};
/* End PBXVariantGroup section */

/* Begin XCBuildConfiguration section */
		05BA12C91CC763B40073DE52 /* Debug */ = {
			isa = XCBuildConfiguration;
			buildSettings = {
				ALWAYS_SEARCH_USER_PATHS = NO;
				CLANG_ANALYZER_NONNULL = YES;
				CLANG_CXX_LANGUAGE_STANDARD = "gnu++0x";
				CLANG_CXX_LIBRARY = "libc++";
				CLANG_ENABLE_MODULES = YES;
				CLANG_ENABLE_OBJC_ARC = YES;
				CLANG_WARN_BOOL_CONVERSION = YES;
				CLANG_WARN_CONSTANT_CONVERSION = YES;
				CLANG_WARN_DIRECT_OBJC_ISA_USAGE = YES_ERROR;
				CLANG_WARN_EMPTY_BODY = YES;
				CLANG_WARN_ENUM_CONVERSION = YES;
				CLANG_WARN_INT_CONVERSION = YES;
				CLANG_WARN_OBJC_ROOT_CLASS = YES_ERROR;
				CLANG_WARN_UNREACHABLE_CODE = YES;
				CLANG_WARN__DUPLICATE_METHOD_MATCH = YES;
				"CODE_SIGN_IDENTITY[sdk=iphoneos*]" = "iPhone Developer";
				COPY_PHASE_STRIP = NO;
				DEBUG_INFORMATION_FORMAT = dwarf;
				ENABLE_STRICT_OBJC_MSGSEND = YES;
				ENABLE_TESTABILITY = YES;
				GCC_C_LANGUAGE_STANDARD = gnu99;
				GCC_DYNAMIC_NO_PIC = NO;
				GCC_NO_COMMON_BLOCKS = YES;
				GCC_OPTIMIZATION_LEVEL = 0;
				GCC_PREPROCESSOR_DEFINITIONS = (
					"DEBUG=1",
					"$(inherited)",
				);
				GCC_WARN_64_TO_32_BIT_CONVERSION = YES;
				GCC_WARN_ABOUT_RETURN_TYPE = YES_ERROR;
				GCC_WARN_UNDECLARED_SELECTOR = YES;
				GCC_WARN_UNINITIALIZED_AUTOS = YES_AGGRESSIVE;
				GCC_WARN_UNUSED_FUNCTION = YES;
				GCC_WARN_UNUSED_VARIABLE = YES;
				IPHONEOS_DEPLOYMENT_TARGET = 9.3;
				MTL_ENABLE_DEBUG_INFO = YES;
				ONLY_ACTIVE_ARCH = YES;
				SDKROOT = iphoneos;
				TARGETED_DEVICE_FAMILY = "1,2";
			};
			name = Debug;
		};
		05BA12CA1CC763B40073DE52 /* Release */ = {
			isa = XCBuildConfiguration;
			buildSettings = {
				ALWAYS_SEARCH_USER_PATHS = NO;
				CLANG_ANALYZER_NONNULL = YES;
				CLANG_CXX_LANGUAGE_STANDARD = "gnu++0x";
				CLANG_CXX_LIBRARY = "libc++";
				CLANG_ENABLE_MODULES = YES;
				CLANG_ENABLE_OBJC_ARC = YES;
				CLANG_WARN_BOOL_CONVERSION = YES;
				CLANG_WARN_CONSTANT_CONVERSION = YES;
				CLANG_WARN_DIRECT_OBJC_ISA_USAGE = YES_ERROR;
				CLANG_WARN_EMPTY_BODY = YES;
				CLANG_WARN_ENUM_CONVERSION = YES;
				CLANG_WARN_INT_CONVERSION = YES;
				CLANG_WARN_OBJC_ROOT_CLASS = YES_ERROR;
				CLANG_WARN_UNREACHABLE_CODE = YES;
				CLANG_WARN__DUPLICATE_METHOD_MATCH = YES;
				"CODE_SIGN_IDENTITY[sdk=iphoneos*]" = "iPhone Developer";
				COPY_PHASE_STRIP = NO;
				DEBUG_INFORMATION_FORMAT = "dwarf-with-dsym";
				ENABLE_NS_ASSERTIONS = NO;
				ENABLE_STRICT_OBJC_MSGSEND = YES;
				GCC_C_LANGUAGE_STANDARD = gnu99;
				GCC_NO_COMMON_BLOCKS = YES;
				GCC_WARN_64_TO_32_BIT_CONVERSION = YES;
				GCC_WARN_ABOUT_RETURN_TYPE = YES_ERROR;
				GCC_WARN_UNDECLARED_SELECTOR = YES;
				GCC_WARN_UNINITIALIZED_AUTOS = YES_AGGRESSIVE;
				GCC_WARN_UNUSED_FUNCTION = YES;
				GCC_WARN_UNUSED_VARIABLE = YES;
				IPHONEOS_DEPLOYMENT_TARGET = 9.3;
				MTL_ENABLE_DEBUG_INFO = NO;
				SDKROOT = iphoneos;
				TARGETED_DEVICE_FAMILY = "1,2";
				VALIDATE_PRODUCT = YES;
			};
			name = Release;
		};
		05BA12CC1CC763B40073DE52 /* Debug */ = {
			isa = XCBuildConfiguration;
			buildSettings = {
				ASSETCATALOG_COMPILER_APPICON_NAME = AppIcon;
				INFOPLIST_FILE = MEUProject/Info.plist;
				LD_RUNPATH_SEARCH_PATHS = "$(inherited) @executable_path/Frameworks";
				PRODUCT_BUNDLE_IDENTIFIER = com.hlyclub.MEUProject;
				PRODUCT_NAME = "$(TARGET_NAME)";
			};
			name = Debug;
		};
		05BA12CD1CC763B40073DE52 /* Release */ = {
			isa = XCBuildConfiguration;
			buildSettings = {
				ASSETCATALOG_COMPILER_APPICON_NAME = AppIcon;
				INFOPLIST_FILE = MEUProject/Info.plist;
				LD_RUNPATH_SEARCH_PATHS = "$(inherited) @executable_path/Frameworks";
				PRODUCT_BUNDLE_IDENTIFIER = com.hlyclub.MEUProject;
				PRODUCT_NAME = "$(TARGET_NAME)";
			};
			name = Release;
		};
		05BA12CF1CC763B40073DE52 /* Debug */ = {
			isa = XCBuildConfiguration;
			buildSettings = {
				BUNDLE_LOADER = "$(TEST_HOST)";
				INFOPLIST_FILE = MEUProjectTests/Info.plist;
				LD_RUNPATH_SEARCH_PATHS = "$(inherited) @executable_path/Frameworks @loader_path/Frameworks";
				PRODUCT_BUNDLE_IDENTIFIER = com.hlyclub.MEUProjectTests;
				PRODUCT_NAME = "$(TARGET_NAME)";
				TEST_HOST = "$(BUILT_PRODUCTS_DIR)/MEUProject.app/MEUProject";
			};
			name = Debug;
		};
		05BA12D01CC763B40073DE52 /* Release */ = {
			isa = XCBuildConfiguration;
			buildSettings = {
				BUNDLE_LOADER = "$(TEST_HOST)";
				INFOPLIST_FILE = MEUProjectTests/Info.plist;
				LD_RUNPATH_SEARCH_PATHS = "$(inherited) @executable_path/Frameworks @loader_path/Frameworks";
				PRODUCT_BUNDLE_IDENTIFIER = com.hlyclub.MEUProjectTests;
				PRODUCT_NAME = "$(TARGET_NAME)";
				TEST_HOST = "$(BUILT_PRODUCTS_DIR)/MEUProject.app/MEUProject";
			};
			name = Release;
		};
		05BA12D21CC763B40073DE52 /* Debug */ = {
			isa = XCBuildConfiguration;
			buildSettings = {
				INFOPLIST_FILE = MEUProjectUITests/Info.plist;
				LD_RUNPATH_SEARCH_PATHS = "$(inherited) @executable_path/Frameworks @loader_path/Frameworks";
				PRODUCT_BUNDLE_IDENTIFIER = com.hlyclub.MEUProjectUITests;
				PRODUCT_NAME = "$(TARGET_NAME)";
				TEST_TARGET_NAME = MEUProject;
			};
			name = Debug;
		};
		05BA12D31CC763B40073DE52 /* Release */ = {
			isa = XCBuildConfiguration;
			buildSettings = {
				INFOPLIST_FILE = MEUProjectUITests/Info.plist;
				LD_RUNPATH_SEARCH_PATHS = "$(inherited) @executable_path/Frameworks @loader_path/Frameworks";
				PRODUCT_BUNDLE_IDENTIFIER = com.hlyclub.MEUProjectUITests;
				PRODUCT_NAME = "$(TARGET_NAME)";
				TEST_TARGET_NAME = MEUProject;
			};
			name = Release;
		};
/* End XCBuildConfiguration section */

/* Begin XCConfigurationList section */
		05BA12991CC763B40073DE52 /* Build configuration list for PBXProject "MEUProject" */ = {
			isa = XCConfigurationList;
			buildConfigurations = (
				05BA12C91CC763B40073DE52 /* Debug */,
				05BA12CA1CC763B40073DE52 /* Release */,
			);
			defaultConfigurationIsVisible = 0;
			defaultConfigurationName = Release;
		};
		05BA12CB1CC763B40073DE52 /* Build configuration list for PBXNativeTarget "MEUProject" */ = {
			isa = XCConfigurationList;
			buildConfigurations = (
				05BA12CC1CC763B40073DE52 /* Debug */,
				05BA12CD1CC763B40073DE52 /* Release */,
			);
			defaultConfigurationIsVisible = 0;
		};
		05BA12CE1CC763B40073DE52 /* Build configuration list for PBXNativeTarget "MEUProjectTests" */ = {
			isa = XCConfigurationList;
			buildConfigurations = (
				05BA12CF1CC763B40073DE52 /* Debug */,
				05BA12D01CC763B40073DE52 /* Release */,
			);
			defaultConfigurationIsVisible = 0;
		};
		05BA12D11CC763B40073DE52 /* Build configuration list for PBXNativeTarget "MEUProjectUITests" */ = {
			isa = XCConfigurationList;
			buildConfigurations = (
				05BA12D21CC763B40073DE52 /* Debug */,
				05BA12D31CC763B40073DE52 /* Release */,
			);
			defaultConfigurationIsVisible = 0;
		};
/* End XCConfigurationList section */
	};
	rootObject = 05BA12961CC763B40073DE52 /* Project object */;
}
